
Microsoft Visual Studio Solution File, Format Version 12.00
# Visual Studio Version 17
VisualStudioVersion = 17.8.34330.188
MinimumVisualStudioVersion = 10.0.40219.1
Project("{9A19103F-16F7-4668-BE54-9A1E7A4F7556}") = "Assignment1", "Assignment1\Assignment1.csproj", "{098F7BDB-3F55-4CB4-A25C-1493A2D2D3DB}"
EndProject
Project("{9A19103F-16F7-4668-BE54-9A1E7A4F7556}") = "ConceptOf Static", "ConceptOf Static\ConceptOf Static.csproj", "{56650391-11B5-465B-8F10-4225D2320DC5}"
EndProject
Project("{FAE04EC0-301F-11D3-BF4B-00C04F79EFBC}") = "ConstructerCallingSequence", "ConstructerCallingSequence\ConstructerCallingSequence.csproj", "{DC41DCCC-9DB8-463F-9EC9-2A5FF9F93EB2}"
EndProject
Global
	GlobalSection(SolutionConfigurationPlatforms) = preSolution
		Debug|Any CPU = Debug|Any CPU
		Release|Any CPU = Release|Any CPU
	EndGlobalSection
	GlobalSection(ProjectConfigurationPlatforms) = postSolution
		{098F7BDB-3F55-4CB4-A25C-1493A2D2D3DB}.Debug|Any CPU.ActiveCfg = Debug|Any CPU
		{098F7BDB-3F55-4CB4-A25C-1493A2D2D3DB}.Debug|Any CPU.Build.0 = Debug|Any CPU
		{098F7BDB-3F55-4CB4-A25C-1493A2D2D3DB}.Release|Any CPU.ActiveCfg = Release|Any CPU
		{098F7BDB-3F55-4CB4-A25C-1493A2D2D3DB}.Release|Any CPU.Build.0 = Release|Any CPU
		{56650391-11B5-465B-8F10-4225D2320DC5}.Debug|Any CPU.ActiveCfg = Debug|Any CPU
		{56650391-11B5-465B-8F10-4225D2320DC5}.Debug|Any CPU.Build.0 = Debug|Any CPU
		{56650391-11B5-465B-8F10-4225D2320DC5}.Release|Any CPU.ActiveCfg = Release|Any CPU
		{56650391-11B5-465B-8F10-4225D2320DC5}.Release|Any CPU.Build.0 = Release|Any CPU
		{DC41DCCC-9DB8-463F-9EC9-2A5FF9F93EB2}.Debug|Any CPU.ActiveCfg = Debug|Any CPU
		{DC41DCCC-9DB8-463F-9EC9-2A5FF9F93EB2}.Debug|Any CPU.Build.0 = Debug|Any CPU
		{DC41DCCC-9DB8-463F-9EC9-2A5FF9F93EB2}.Release|Any CPU.ActiveCfg = Release|Any CPU
		{DC41DCCC-9DB8-463F-9EC9-2A5FF9F93EB2}.Release|Any CPU.Build.0 = Release|Any CPU
	EndGlobalSection
	GlobalSection(SolutionProperties) = preSolution
		HideSolutionNode = FALSE
	EndGlobalSection
	GlobalSection(ExtensibilityGlobals) = postSolution
		SolutionGuid = {D63CE0A2-D987-4223-A4A6-95B71EC584E5}
	EndGlobalSection
EndGlobal
